
Microsoft Visual Studio Solution File, Format Version 12.00
# Visual Studio Version 16
VisualStudioVersion = 16.0.29728.190
MinimumVisualStudioVersion = 10.0.40219.1
Project("{9A19103F-16F7-4668-BE54-9A1E7A4F7556}") = "AskSprint1_1", "AskSprint1_1.csproj", "{104DAED7-B4A0-4227-B3A5-897A8F12AEA6}"
EndProject
Global
	GlobalSection(SolutionConfigurationPlatforms) = preSolution
		Debug|Any CPU = Debug|Any CPU
		Release|Any CPU = Release|Any CPU
	EndGlobalSection
	GlobalSection(ProjectConfigurationPlatforms) = postSolution
		{104DAED7-B4A0-4227-B3A5-897A8F12AEA6}.Debug|Any CPU.ActiveCfg = Debug|Any CPU
		{104DAED7-B4A0-4227-B3A5-897A8F12AEA6}.Debug|Any CPU.Build.0 = Debug|Any CPU
		{104DAED7-B4A0-4227-B3A5-897A8F12AEA6}.Release|Any CPU.ActiveCfg = Release|Any CPU
		{104DAED7-B4A0-4227-B3A5-897A8F12AEA6}.Release|Any CPU.Build.0 = Release|Any CPU
	EndGlobalSection
	GlobalSection(SolutionProperties) = preSolution
		HideSolutionNode = FALSE
	EndGlobalSection
	GlobalSection(ExtensibilityGlobals) = postSolution
		SolutionGuid = {3319EBCF-F26C-4F44-A31F-6BD2D271D69E}
	EndGlobalSection
EndGlobal
